
Microsoft Visual Studio Solution File, Format Version 12.00
# Visual Studio Version 17
VisualStudioVersion = 17.14.37411.7 d17.14
MinimumVisualStudioVersion = 10.0.40219.1
Project("{C9674DCB-5085-4A16-B785-4C70DD1589BD}") = "FraudDetection_ETL", "FraudDetection_ETL.dtproj", "{B94B8905-8682-A947-1D86-F98554F86BF7}"
EndProject
Global
	GlobalSection(SolutionConfigurationPlatforms) = preSolution
		Development|Default = Development|Default
	EndGlobalSection
	GlobalSection(ProjectConfigurationPlatforms) = postSolution
		{B94B8905-8682-A947-1D86-F98554F86BF7}.Development|Default.ActiveCfg = Development
		{B94B8905-8682-A947-1D86-F98554F86BF7}.Development|Default.Build.0 = Development
	EndGlobalSection
	GlobalSection(SolutionProperties) = preSolution
		HideSolutionNode = FALSE
	EndGlobalSection
	GlobalSection(ExtensibilityGlobals) = postSolution
		SolutionGuid = {B707ACEE-664E-484C-8AAC-77D3D661E067}
	EndGlobalSection
EndGlobal
